dependencies:
- name: ska-tango-util
  repository: https://gitlab.com/api/v4/projects/9027158/packages/helm/dev
  version: 0.4.16-test-pytango-rc1-dev.ceb4775f2
- name: ska-tango-base
  repository: https://gitlab.com/api/v4/projects/9027158/packages/helm/dev
  version: 0.4.16-test-pytango-rc1-dev.ceb4775f2
digest: sha256:e15741424bb1789d04f39b6261e133975437856e5baf9affd9701bca90c7361d
generated: "2024-03-28T13:09:33.267290433Z"
