dependencies:
- name: ska-tango-util
  repository: https://artefact.skao.int/repository/helm-internal
  version: 0.4.10
- name: ska-tango-base
  repository: https://artefact.skao.int/repository/helm-internal
  version: 0.4.9
- name: ska-tango-examples
  repository: file://../ska-tango-examples
  version: 0.4.30
- name: ska-taranta
  repository: https://artefact.skao.int/repository/helm-internal
  version: 1.0.29
- name: ska-taranta-auth
  repository: https://artefact.skao.int/repository/helm-internal
  version: 0.1.5
- name: ska-dashboard-repo
  repository: https://artefact.skao.int/repository/helm-internal
  version: 0.1.9
digest: sha256:960f68596c52c774ef6306f531df0027ef3431279ec062de0977b77ba63e7e97
generated: "2024-02-06T12:38:58.880778984+01:00"
