dependencies:
- name: ska-tango-util
  repository: https://gitlab.com/api/v4/projects/9027158/packages/helm/dev
  version: 0.4.16-test-pytango-rc1-dev.ceb4775f2
- name: ska-tango-base
  repository: https://gitlab.com/api/v4/projects/9027158/packages/helm/dev
  version: 0.4.16-test-pytango-rc1-dev.ceb4775f2
- name: ska-tango-examples
  repository: file://../ska-tango-examples
  version: 0.4.31
- name: ska-taranta
  repository: https://artefact.skao.int/repository/helm-internal
  version: 1.0.29
- name: ska-taranta-auth
  repository: https://artefact.skao.int/repository/helm-internal
  version: 0.1.5
- name: ska-dashboard-repo
  repository: https://artefact.skao.int/repository/helm-internal
  version: 0.1.9
digest: sha256:420ae563d1789a3b6937d29d3953b0eb043669bd304440c7534460fdb49b8b06
generated: "2024-03-28T13:07:29.972870352Z"
