instances: ["test"]
entrypoints:
  - path: "/app/src/ska_tango_examples/teams/CalendarClock.py"
    name: "CalendarClock.CalendarClockDevice"
server:
  instances:
  - name: "test"
    classes:
    - name: "CalendarClockDevice"
      devices:
      - name: "test/calendarclockdevice/1"
        properties:
        - name: "TimeZone"
          values:
          - UTC
