name: "calendarclock-{{.Release.Name}}"
function: ska-tango-examples-calendarclock
domain: ska-tango-examples
instances: ["test"]
entrypoints:
  - path: "/app/src/ska_tango_examples/teams/CalendarClock.py"
    name: "CalendarClock.CalendarClockDevice"
depends_on:
  - device: sys/database/2
server:
  name: "CalendarClock"
  instances:
  - name: "test"
    classes:
    - name: "CalendarClockDevice"
      devices: 
      - name: "test/calendarclockdevice/1"
        properties:
        - name: "TimeZone"
          values:
          - UTC
image:
  registry: "{{.Values.tango_example.image.registry}}"
  image: "{{.Values.tango_example.image.image}}"
  tag: "{{.Values.tango_example.image.tag}}"
  pullPolicy: "{{.Values.tango_example.image.pullPolicy}}"
livenessProbe:
  initialDelaySeconds: 0
  periodSeconds: 10
  timeoutSeconds: 3
  successThreshold: 1
  failureThreshold: 3
readinessProbe:
  initialDelaySeconds: 0
  periodSeconds: 10
  timeoutSeconds: 3
  successThreshold: 1
  failureThreshold: 3